
Microsoft Visual Studio Solution File, Format Version 12.00
# Visual Studio Version 17
VisualStudioVersion = 17.2.32602.215
MinimumVisualStudioVersion = 10.0.40219.1
Project("{FAE04EC0-301F-11D3-BF4B-00C04F79EFBC}") = "SignarAPI_Server", "SignarAPI_Server\SignarAPI_Server.csproj", "{279E4249-26F7-4D90-A16F-EB3D33932510}"
EndProject
Project("{FAE04EC0-301F-11D3-BF4B-00C04F79EFBC}") = "SignalRChatClient", "SignalRChatClient\SignalRChatClient.csproj", "{FE91EA2B-F795-4F6D-A5AD-2AB629D1620A}"
EndProject
Global
	GlobalSection(SolutionConfigurationPlatforms) = preSolution
		Debug|Any CPU = Debug|Any CPU
		Release|Any CPU = Release|Any CPU
	EndGlobalSection
	GlobalSection(ProjectConfigurationPlatforms) = postSolution
		{279E4249-26F7-4D90-A16F-EB3D33932510}.Debug|Any CPU.ActiveCfg = Debug|Any CPU
		{279E4249-26F7-4D90-A16F-EB3D33932510}.Debug|Any CPU.Build.0 = Debug|Any CPU
		{279E4249-26F7-4D90-A16F-EB3D33932510}.Release|Any CPU.ActiveCfg = Release|Any CPU
		{279E4249-26F7-4D90-A16F-EB3D33932510}.Release|Any CPU.Build.0 = Release|Any CPU
		{FE91EA2B-F795-4F6D-A5AD-2AB629D1620A}.Debug|Any CPU.ActiveCfg = Debug|Any CPU
		{FE91EA2B-F795-4F6D-A5AD-2AB629D1620A}.Debug|Any CPU.Build.0 = Debug|Any CPU
		{FE91EA2B-F795-4F6D-A5AD-2AB629D1620A}.Release|Any CPU.ActiveCfg = Release|Any CPU
		{FE91EA2B-F795-4F6D-A5AD-2AB629D1620A}.Release|Any CPU.Build.0 = Release|Any CPU
	EndGlobalSection
	GlobalSection(SolutionProperties) = preSolution
		HideSolutionNode = FALSE
	EndGlobalSection
	GlobalSection(ExtensibilityGlobals) = postSolution
		SolutionGuid = {4EFCC539-3439-4502-8695-B549932E23FA}
	EndGlobalSection
EndGlobal
